
Microsoft Visual Studio Solution File, Format Version 12.00
# Visual Studio Version 17
VisualStudioVersion = 17.9.34616.47
MinimumVisualStudioVersion = 10.0.40219.1
Project("{FAE04EC0-301F-11D3-BF4B-00C04F79EFBC}") = "Project.ConsoleApp", "Project.ConsoleApp.csproj", "{5BBFB2BE-72B2-426F-99E6-FC3EB44D604B}"
EndProject
Project("{FAE04EC0-301F-11D3-BF4B-00C04F79EFBC}") = "Project.Model", "..\Project.Model\Project.Model.csproj", "{066BA240-C503-41BE-BA4D-E55FD4230C22}"
EndProject
Global
	GlobalSection(SolutionConfigurationPlatforms) = preSolution
		Debug|Any CPU = Debug|Any CPU
		Release|Any CPU = Release|Any CPU
	EndGlobalSection
	GlobalSection(ProjectConfigurationPlatforms) = postSolution
		{5BBFB2BE-72B2-426F-99E6-FC3EB44D604B}.Debug|Any CPU.ActiveCfg = Debug|Any CPU
		{5BBFB2BE-72B2-426F-99E6-FC3EB44D604B}.Debug|Any CPU.Build.0 = Debug|Any CPU
		{5BBFB2BE-72B2-426F-99E6-FC3EB44D604B}.Release|Any CPU.ActiveCfg = Release|Any CPU
		{5BBFB2BE-72B2-426F-99E6-FC3EB44D604B}.Release|Any CPU.Build.0 = Release|Any CPU
		{066BA240-C503-41BE-BA4D-E55FD4230C22}.Debug|Any CPU.ActiveCfg = Debug|Any CPU
		{066BA240-C503-41BE-BA4D-E55FD4230C22}.Debug|Any CPU.Build.0 = Debug|Any CPU
		{066BA240-C503-41BE-BA4D-E55FD4230C22}.Release|Any CPU.ActiveCfg = Release|Any CPU
		{066BA240-C503-41BE-BA4D-E55FD4230C22}.Release|Any CPU.Build.0 = Release|Any CPU
	EndGlobalSection
	GlobalSection(SolutionProperties) = preSolution
		HideSolutionNode = FALSE
	EndGlobalSection
	GlobalSection(ExtensibilityGlobals) = postSolution
		SolutionGuid = {1BFA9CDA-F007-444D-872F-C5C04D8438EA}
	EndGlobalSection
EndGlobal
