
Microsoft Visual Studio Solution File, Format Version 12.00
# Visual Studio Version 17
VisualStudioVersion = 17.14.36518.9
MinimumVisualStudioVersion = 10.0.40219.1
Project("{FAE04EC0-301F-11D3-BF4B-00C04F79EFBC}") = "WypozyczalniaSamochodow.ConsoleApp", "WypozyczalniaSamochodow.ConsoleApp\WypozyczalniaSamochodow.ConsoleApp.csproj", "{695C7B92-CB58-4E81-8959-DA2B1BA6A4E8}"
EndProject
Project("{FAE04EC0-301F-11D3-BF4B-00C04F79EFBC}") = "WypozyczalniaSamochodow.Logic", "WypozyczalniaSamochodow.Logic\WypozyczalniaSamochodow.Logic.csproj", "{6E6144F4-1566-4EC6-AADA-BA047914C4CF}"
EndProject
Project("{FAE04EC0-301F-11D3-BF4B-00C04F79EFBC}") = "WypozyczalniaSamochodow.Model", "WypozyczalniaSamochodow.Model\WypozyczalniaSamochodow.Model.csproj", "{5E413BC4-8BBA-4850-A40B-48B3EF05B307}"
EndProject
Project("{FAE04EC0-301F-11D3-BF4B-00C04F79EFBC}") = "WypozyczalniaSamochodow.Tests", "WypozyczalniaSamochodow.Tests\WypozyczalniaSamochodow.Tests.csproj", "{C819EBF4-985B-4592-9613-AE5527997804}"
EndProject
Project("{FAE04EC0-301F-11D3-BF4B-00C04F79EFBC}") = "WypozyczalniaSamochodow.DAL", "WypozyczalniaSamochodow.DAL\WypozyczalniaSamochodow.DAL.csproj", "{842BF3F4-7395-4C46-9D63-4A282F209110}"
EndProject
Global
	GlobalSection(SolutionConfigurationPlatforms) = preSolution
		Debug|Any CPU = Debug|Any CPU
		Release|Any CPU = Release|Any CPU
	EndGlobalSection
	GlobalSection(ProjectConfigurationPlatforms) = postSolution
		{695C7B92-CB58-4E81-8959-DA2B1BA6A4E8}.Debug|Any CPU.ActiveCfg = Debug|Any CPU
		{695C7B92-CB58-4E81-8959-DA2B1BA6A4E8}.Debug|Any CPU.Build.0 = Debug|Any CPU
		{695C7B92-CB58-4E81-8959-DA2B1BA6A4E8}.Release|Any CPU.ActiveCfg = Release|Any CPU
		{695C7B92-CB58-4E81-8959-DA2B1BA6A4E8}.Release|Any CPU.Build.0 = Release|Any CPU
		{6E6144F4-1566-4EC6-AADA-BA047914C4CF}.Debug|Any CPU.ActiveCfg = Debug|Any CPU
		{6E6144F4-1566-4EC6-AADA-BA047914C4CF}.Debug|Any CPU.Build.0 = Debug|Any CPU
		{6E6144F4-1566-4EC6-AADA-BA047914C4CF}.Release|Any CPU.ActiveCfg = Release|Any CPU
		{6E6144F4-1566-4EC6-AADA-BA047914C4CF}.Release|Any CPU.Build.0 = Release|Any CPU
		{5E413BC4-8BBA-4850-A40B-48B3EF05B307}.Debug|Any CPU.ActiveCfg = Debug|Any CPU
		{5E413BC4-8BBA-4850-A40B-48B3EF05B307}.Debug|Any CPU.Build.0 = Debug|Any CPU
		{5E413BC4-8BBA-4850-A40B-48B3EF05B307}.Release|Any CPU.ActiveCfg = Release|Any CPU
		{5E413BC4-8BBA-4850-A40B-48B3EF05B307}.Release|Any CPU.Build.0 = Release|Any CPU
		{C819EBF4-985B-4592-9613-AE5527997804}.Debug|Any CPU.ActiveCfg = Debug|Any CPU
		{C819EBF4-985B-4592-9613-AE5527997804}.Debug|Any CPU.Build.0 = Debug|Any CPU
		{C819EBF4-985B-4592-9613-AE5527997804}.Release|Any CPU.ActiveCfg = Release|Any CPU
		{C819EBF4-985B-4592-9613-AE5527997804}.Release|Any CPU.Build.0 = Release|Any CPU
		{842BF3F4-7395-4C46-9D63-4A282F209110}.Debug|Any CPU.ActiveCfg = Debug|Any CPU
		{842BF3F4-7395-4C46-9D63-4A282F209110}.Debug|Any CPU.Build.0 = Debug|Any CPU
		{842BF3F4-7395-4C46-9D63-4A282F209110}.Release|Any CPU.ActiveCfg = Release|Any CPU
		{842BF3F4-7395-4C46-9D63-4A282F209110}.Release|Any CPU.Build.0 = Release|Any CPU
	EndGlobalSection
	GlobalSection(SolutionProperties) = preSolution
		HideSolutionNode = FALSE
	EndGlobalSection
	GlobalSection(ExtensibilityGlobals) = postSolution
		SolutionGuid = {839919BD-B14B-45F3-A65A-5D362A5BEC87}
	EndGlobalSection
EndGlobal
