
Microsoft Visual Studio Solution File, Format Version 12.00
# Visual Studio Version 17
VisualStudioVersion = 17.14.36518.9 d17.14
MinimumVisualStudioVersion = 10.0.40219.1
Project("{FAE04EC0-301F-11D3-BF4B-00C04F79EFBC}") = "Projekt.ConsoleApp", "Projekt.ConsoleApp\Projekt.ConsoleApp.csproj", "{0A18271C-79A4-4D5F-9B9B-FFB7262331CB}"
EndProject
Project("{FAE04EC0-301F-11D3-BF4B-00C04F79EFBC}") = "Project.Model", "Project.Model\Project.Model.csproj", "{C8A0C804-413E-416B-8541-589EEED5999F}"
EndProject
Global
	GlobalSection(SolutionConfigurationPlatforms) = preSolution
		Debug|Any CPU = Debug|Any CPU
		Release|Any CPU = Release|Any CPU
	EndGlobalSection
	GlobalSection(ProjectConfigurationPlatforms) = postSolution
		{0A18271C-79A4-4D5F-9B9B-FFB7262331CB}.Debug|Any CPU.ActiveCfg = Debug|Any CPU
		{0A18271C-79A4-4D5F-9B9B-FFB7262331CB}.Debug|Any CPU.Build.0 = Debug|Any CPU
		{0A18271C-79A4-4D5F-9B9B-FFB7262331CB}.Release|Any CPU.ActiveCfg = Release|Any CPU
		{0A18271C-79A4-4D5F-9B9B-FFB7262331CB}.Release|Any CPU.Build.0 = Release|Any CPU
		{C8A0C804-413E-416B-8541-589EEED5999F}.Debug|Any CPU.ActiveCfg = Debug|Any CPU
		{C8A0C804-413E-416B-8541-589EEED5999F}.Debug|Any CPU.Build.0 = Debug|Any CPU
		{C8A0C804-413E-416B-8541-589EEED5999F}.Release|Any CPU.ActiveCfg = Release|Any CPU
		{C8A0C804-413E-416B-8541-589EEED5999F}.Release|Any CPU.Build.0 = Release|Any CPU
	EndGlobalSection
	GlobalSection(SolutionProperties) = preSolution
		HideSolutionNode = FALSE
	EndGlobalSection
	GlobalSection(ExtensibilityGlobals) = postSolution
		SolutionGuid = {16A64A69-2274-4179-B6C6-5D860AE8304F}
	EndGlobalSection
EndGlobal
