
Microsoft Visual Studio Solution File, Format Version 12.00
# Visual Studio Version 17
VisualStudioVersion = 17.14.36518.9
MinimumVisualStudioVersion = 10.0.40219.1
Project("{FAE04EC0-301F-11D3-BF4B-00C04F79EFBC}") = "Project.ConsoleApp", "Project.ConsoleApp\Project.ConsoleApp.csproj", "{4227FE3A-5584-4B22-83DC-03AB1383BBDA}"
EndProject
Project("{FAE04EC0-301F-11D3-BF4B-00C04F79EFBC}") = "Project.Model", "Project.Model\Project.Model.csproj", "{924D6C31-A631-40DE-BF79-91CFC39FA614}"
EndProject
Project("{FAE04EC0-301F-11D3-BF4B-00C04F79EFBC}") = "Project.Domain", "Domain\Project.Domain.csproj", "{74EA5D94-6CAF-46B1-9CBB-767B8F336A75}"
EndProject
Project("{FAE04EC0-301F-11D3-BF4B-00C04F79EFBC}") = "Project.Tests", "Project.Tests\Project.Tests.csproj", "{301AD008-C279-4B28-9660-280E19722DE7}"
EndProject
Project("{FAE04EC0-301F-11D3-BF4B-00C04F79EFBC}") = "Project.Services", "Project.Services\Project.Services.csproj", "{16DA636E-5E81-4FB2-ACA8-09098F2DBD68}"
EndProject
Project("{FAE04EC0-301F-11D3-BF4B-00C04F79EFBC}") = "Project.DTO", "Project.DTO\Project.DTO.csproj", "{3C7861DE-49EE-4755-AE9B-C7AE4955528D}"
EndProject
Project("{FAE04EC0-301F-11D3-BF4B-00C04F79EFBC}") = "Project.UI", "Project.UI\Project.UI.csproj", "{A4F04C2D-8C72-4E86-9EB3-19B5C99DDAE0}"
EndProject
Global
	GlobalSection(SolutionConfigurationPlatforms) = preSolution
		Debug|Any CPU = Debug|Any CPU
		Release|Any CPU = Release|Any CPU
	EndGlobalSection
	GlobalSection(ProjectConfigurationPlatforms) = postSolution
		{4227FE3A-5584-4B22-83DC-03AB1383BBDA}.Debug|Any CPU.ActiveCfg = Debug|Any CPU
		{4227FE3A-5584-4B22-83DC-03AB1383BBDA}.Debug|Any CPU.Build.0 = Debug|Any CPU
		{4227FE3A-5584-4B22-83DC-03AB1383BBDA}.Release|Any CPU.ActiveCfg = Release|Any CPU
		{4227FE3A-5584-4B22-83DC-03AB1383BBDA}.Release|Any CPU.Build.0 = Release|Any CPU
		{924D6C31-A631-40DE-BF79-91CFC39FA614}.Debug|Any CPU.ActiveCfg = Debug|Any CPU
		{924D6C31-A631-40DE-BF79-91CFC39FA614}.Debug|Any CPU.Build.0 = Debug|Any CPU
		{924D6C31-A631-40DE-BF79-91CFC39FA614}.Release|Any CPU.ActiveCfg = Release|Any CPU
		{924D6C31-A631-40DE-BF79-91CFC39FA614}.Release|Any CPU.Build.0 = Release|Any CPU
		{74EA5D94-6CAF-46B1-9CBB-767B8F336A75}.Debug|Any CPU.ActiveCfg = Debug|Any CPU
		{74EA5D94-6CAF-46B1-9CBB-767B8F336A75}.Debug|Any CPU.Build.0 = Debug|Any CPU
		{74EA5D94-6CAF-46B1-9CBB-767B8F336A75}.Release|Any CPU.ActiveCfg = Release|Any CPU
		{74EA5D94-6CAF-46B1-9CBB-767B8F336A75}.Release|Any CPU.Build.0 = Release|Any CPU
		{301AD008-C279-4B28-9660-280E19722DE7}.Debug|Any CPU.ActiveCfg = Debug|Any CPU
		{301AD008-C279-4B28-9660-280E19722DE7}.Debug|Any CPU.Build.0 = Debug|Any CPU
		{301AD008-C279-4B28-9660-280E19722DE7}.Release|Any CPU.ActiveCfg = Release|Any CPU
		{301AD008-C279-4B28-9660-280E19722DE7}.Release|Any CPU.Build.0 = Release|Any CPU
		{16DA636E-5E81-4FB2-ACA8-09098F2DBD68}.Debug|Any CPU.ActiveCfg = Debug|Any CPU
		{16DA636E-5E81-4FB2-ACA8-09098F2DBD68}.Debug|Any CPU.Build.0 = Debug|Any CPU
		{16DA636E-5E81-4FB2-ACA8-09098F2DBD68}.Release|Any CPU.ActiveCfg = Release|Any CPU
		{16DA636E-5E81-4FB2-ACA8-09098F2DBD68}.Release|Any CPU.Build.0 = Release|Any CPU
		{3C7861DE-49EE-4755-AE9B-C7AE4955528D}.Debug|Any CPU.ActiveCfg = Debug|Any CPU
		{3C7861DE-49EE-4755-AE9B-C7AE4955528D}.Debug|Any CPU.Build.0 = Debug|Any CPU
		{3C7861DE-49EE-4755-AE9B-C7AE4955528D}.Release|Any CPU.ActiveCfg = Release|Any CPU
		{3C7861DE-49EE-4755-AE9B-C7AE4955528D}.Release|Any CPU.Build.0 = Release|Any CPU
		{A4F04C2D-8C72-4E86-9EB3-19B5C99DDAE0}.Debug|Any CPU.ActiveCfg = Debug|Any CPU
		{A4F04C2D-8C72-4E86-9EB3-19B5C99DDAE0}.Debug|Any CPU.Build.0 = Debug|Any CPU
		{A4F04C2D-8C72-4E86-9EB3-19B5C99DDAE0}.Release|Any CPU.ActiveCfg = Release|Any CPU
		{A4F04C2D-8C72-4E86-9EB3-19B5C99DDAE0}.Release|Any CPU.Build.0 = Release|Any CPU
	EndGlobalSection
	GlobalSection(SolutionProperties) = preSolution
		HideSolutionNode = FALSE
	EndGlobalSection
	GlobalSection(ExtensibilityGlobals) = postSolution
		SolutionGuid = {7788A6E7-FE71-49EC-A128-9A6E530B2989}
	EndGlobalSection
EndGlobal
