
Microsoft Visual Studio Solution File, Format Version 12.00
# Visual Studio Version 17
VisualStudioVersion = 17.9.34616.47
MinimumVisualStudioVersion = 10.0.40219.1
Project("{FAE04EC0-301F-11D3-BF4B-00C04F79EFBC}") = "Project.ConsoleApp", "Project.ConsoleApp\Project.ConsoleApp.csproj", "{647D169C-8B21-4F32-AE48-6C078856EB26}"
EndProject
Project("{FAE04EC0-301F-11D3-BF4B-00C04F79EFBC}") = "Project.Model", "Project.Model\Project.Model.csproj", "{4452FB8D-3C3D-40AD-B573-427EF07A1054}"
EndProject
Global
	GlobalSection(SolutionConfigurationPlatforms) = preSolution
		Debug|Any CPU = Debug|Any CPU
		Release|Any CPU = Release|Any CPU
	EndGlobalSection
	GlobalSection(ProjectConfigurationPlatforms) = postSolution
		{647D169C-8B21-4F32-AE48-6C078856EB26}.Debug|Any CPU.ActiveCfg = Debug|Any CPU
		{647D169C-8B21-4F32-AE48-6C078856EB26}.Debug|Any CPU.Build.0 = Debug|Any CPU
		{647D169C-8B21-4F32-AE48-6C078856EB26}.Release|Any CPU.ActiveCfg = Release|Any CPU
		{647D169C-8B21-4F32-AE48-6C078856EB26}.Release|Any CPU.Build.0 = Release|Any CPU
		{4452FB8D-3C3D-40AD-B573-427EF07A1054}.Debug|Any CPU.ActiveCfg = Debug|Any CPU
		{4452FB8D-3C3D-40AD-B573-427EF07A1054}.Debug|Any CPU.Build.0 = Debug|Any CPU
		{4452FB8D-3C3D-40AD-B573-427EF07A1054}.Release|Any CPU.ActiveCfg = Release|Any CPU
		{4452FB8D-3C3D-40AD-B573-427EF07A1054}.Release|Any CPU.Build.0 = Release|Any CPU
	EndGlobalSection
	GlobalSection(SolutionProperties) = preSolution
		HideSolutionNode = FALSE
	EndGlobalSection
	GlobalSection(ExtensibilityGlobals) = postSolution
		SolutionGuid = {41A9D2B8-D277-424A-990E-CE02A356A283}
	EndGlobalSection
EndGlobal
